
Microsoft Visual Studio Solution File, Format Version 12.00
# Visual Studio Version 16
VisualStudioVersion = 16.0.30104.148
MinimumVisualStudioVersion = 10.0.40219.1
Project("{FAE04EC0-301F-11D3-BF4B-00C04F79EFBC}") = "RockPaperScissors.Android", "RockPaperScissors\RockPaperScissors.Android\RockPaperScissors.Android.csproj", "{1831D3C1-295A-4124-A6C9-7029AF12E106}"
EndProject
Project("{FAE04EC0-301F-11D3-BF4B-00C04F79EFBC}") = "RockPaperScissors.iOS", "RockPaperScissors\RockPaperScissors.iOS\RockPaperScissors.iOS.csproj", "{86D28CBE-E975-4731-9066-829E0FAFFCBE}"
EndProject
Project("{FAE04EC0-301F-11D3-BF4B-00C04F79EFBC}") = "RockPaperScissors", "RockPaperScissors\RockPaperScissors\RockPaperScissors.csproj", "{AB1F834B-A98C-473D-88D6-C3F91EECFD3E}"
EndProject
Global
	GlobalSection(SolutionConfigurationPlatforms) = preSolution
		Debug|Any CPU = Debug|Any CPU
		Debug|iPhone = Debug|iPhone
		Debug|iPhoneSimulator = Debug|iPhoneSimulator
		Release|Any CPU = Release|Any CPU
		Release|iPhone = Release|iPhone
		Release|iPhoneSimulator = Release|iPhoneSimulator
	EndGlobalSection
	GlobalSection(ProjectConfigurationPlatforms) = postSolution
		{1831D3C1-295A-4124-A6C9-7029AF12E106}.Debug|Any CPU.ActiveCfg = Debug|Any CPU
		{1831D3C1-295A-4124-A6C9-7029AF12E106}.Debug|Any CPU.Build.0 = Debug|Any CPU
		{1831D3C1-295A-4124-A6C9-7029AF12E106}.Debug|Any CPU.Deploy.0 = Debug|Any CPU
		{1831D3C1-295A-4124-A6C9-7029AF12E106}.Debug|iPhone.ActiveCfg = Debug|Any CPU
		{1831D3C1-295A-4124-A6C9-7029AF12E106}.Debug|iPhone.Build.0 = Debug|Any CPU
		{1831D3C1-295A-4124-A6C9-7029AF12E106}.Debug|iPhone.Deploy.0 = Debug|Any CPU
		{1831D3C1-295A-4124-A6C9-7029AF12E106}.Debug|iPhoneSimulator.ActiveCfg = Debug|Any CPU
		{1831D3C1-295A-4124-A6C9-7029AF12E106}.Debug|iPhoneSimulator.Build.0 = Debug|Any CPU
		{1831D3C1-295A-4124-A6C9-7029AF12E106}.Debug|iPhoneSimulator.Deploy.0 = Debug|Any CPU
		{1831D3C1-295A-4124-A6C9-7029AF12E106}.Release|Any CPU.ActiveCfg = Release|Any CPU
		{1831D3C1-295A-4124-A6C9-7029AF12E106}.Release|Any CPU.Build.0 = Release|Any CPU
		{1831D3C1-295A-4124-A6C9-7029AF12E106}.Release|Any CPU.Deploy.0 = Release|Any CPU
		{1831D3C1-295A-4124-A6C9-7029AF12E106}.Release|iPhone.ActiveCfg = Release|Any CPU
		{1831D3C1-295A-4124-A6C9-7029AF12E106}.Release|iPhone.Build.0 = Release|Any CPU
		{1831D3C1-295A-4124-A6C9-7029AF12E106}.Release|iPhone.Deploy.0 = Release|Any CPU
		{1831D3C1-295A-4124-A6C9-7029AF12E106}.Release|iPhoneSimulator.ActiveCfg = Release|Any CPU
		{1831D3C1-295A-4124-A6C9-7029AF12E106}.Release|iPhoneSimulator.Build.0 = Release|Any CPU
		{1831D3C1-295A-4124-A6C9-7029AF12E106}.Release|iPhoneSimulator.Deploy.0 = Release|Any CPU
		{86D28CBE-E975-4731-9066-829E0FAFFCBE}.Debug|Any CPU.ActiveCfg = Debug|iPhone
		{86D28CBE-E975-4731-9066-829E0FAFFCBE}.Debug|Any CPU.Build.0 = Debug|iPhone
		{86D28CBE-E975-4731-9066-829E0FAFFCBE}.Debug|Any CPU.Deploy.0 = Debug|iPhone
		{86D28CBE-E975-4731-9066-829E0FAFFCBE}.Debug|iPhone.ActiveCfg = Debug|iPhone
		{86D28CBE-E975-4731-9066-829E0FAFFCBE}.Debug|iPhone.Build.0 = Debug|iPhone
		{86D28CBE-E975-4731-9066-829E0FAFFCBE}.Debug|iPhone.Deploy.0 = Debug|iPhone
		{86D28CBE-E975-4731-9066-829E0FAFFCBE}.Debug|iPhoneSimulator.ActiveCfg = Debug|iPhoneSimulator
		{86D28CBE-E975-4731-9066-829E0FAFFCBE}.Debug|iPhoneSimulator.Build.0 = Debug|iPhoneSimulator
		{86D28CBE-E975-4731-9066-829E0FAFFCBE}.Debug|iPhoneSimulator.Deploy.0 = Debug|iPhoneSimulator
		{86D28CBE-E975-4731-9066-829E0FAFFCBE}.Release|Any CPU.ActiveCfg = Release|iPhone
		{86D28CBE-E975-4731-9066-829E0FAFFCBE}.Release|Any CPU.Build.0 = Release|iPhone
		{86D28CBE-E975-4731-9066-829E0FAFFCBE}.Release|Any CPU.Deploy.0 = Release|iPhone
		{86D28CBE-E975-4731-9066-829E0FAFFCBE}.Release|iPhone.ActiveCfg = Release|iPhone
		{86D28CBE-E975-4731-9066-829E0FAFFCBE}.Release|iPhone.Build.0 = Release|iPhone
		{86D28CBE-E975-4731-9066-829E0FAFFCBE}.Release|iPhone.Deploy.0 = Release|iPhone
		{86D28CBE-E975-4731-9066-829E0FAFFCBE}.Release|iPhoneSimulator.ActiveCfg = Release|iPhoneSimulator
		{86D28CBE-E975-4731-9066-829E0FAFFCBE}.Release|iPhoneSimulator.Build.0 = Release|iPhoneSimulator
		{86D28CBE-E975-4731-9066-829E0FAFFCBE}.Release|iPhoneSimulator.Deploy.0 = Release|iPhoneSimulator
		{AB1F834B-A98C-473D-88D6-C3F91EECFD3E}.Debug|Any CPU.ActiveCfg = Debug|Any CPU
		{AB1F834B-A98C-473D-88D6-C3F91EECFD3E}.Debug|Any CPU.Build.0 = Debug|Any CPU
		{AB1F834B-A98C-473D-88D6-C3F91EECFD3E}.Debug|Any CPU.Deploy.0 = Debug|Any CPU
		{AB1F834B-A98C-473D-88D6-C3F91EECFD3E}.Debug|iPhone.ActiveCfg = Debug|Any CPU
		{AB1F834B-A98C-473D-88D6-C3F91EECFD3E}.Debug|iPhone.Build.0 = Debug|Any CPU
		{AB1F834B-A98C-473D-88D6-C3F91EECFD3E}.Debug|iPhone.Deploy.0 = Debug|Any CPU
		{AB1F834B-A98C-473D-88D6-C3F91EECFD3E}.Debug|iPhoneSimulator.ActiveCfg = Debug|Any CPU
		{AB1F834B-A98C-473D-88D6-C3F91EECFD3E}.Debug|iPhoneSimulator.Build.0 = Debug|Any CPU
		{AB1F834B-A98C-473D-88D6-C3F91EECFD3E}.Debug|iPhoneSimulator.Deploy.0 = Debug|Any CPU
		{AB1F834B-A98C-473D-88D6-C3F91EECFD3E}.Release|Any CPU.ActiveCfg = Release|Any CPU
		{AB1F834B-A98C-473D-88D6-C3F91EECFD3E}.Release|Any CPU.Build.0 = Release|Any CPU
		{AB1F834B-A98C-473D-88D6-C3F91EECFD3E}.Release|Any CPU.Deploy.0 = Release|Any CPU
		{AB1F834B-A98C-473D-88D6-C3F91EECFD3E}.Release|iPhone.ActiveCfg = Release|Any CPU
		{AB1F834B-A98C-473D-88D6-C3F91EECFD3E}.Release|iPhone.Build.0 = Release|Any CPU
		{AB1F834B-A98C-473D-88D6-C3F91EECFD3E}.Release|iPhone.Deploy.0 = Release|Any CPU
		{AB1F834B-A98C-473D-88D6-C3F91EECFD3E}.Release|iPhoneSimulator.ActiveCfg = Release|Any CPU
		{AB1F834B-A98C-473D-88D6-C3F91EECFD3E}.Release|iPhoneSimulator.Build.0 = Release|Any CPU
		{AB1F834B-A98C-473D-88D6-C3F91EECFD3E}.Release|iPhoneSimulator.Deploy.0 = Release|Any CPU
	EndGlobalSection
	GlobalSection(SolutionProperties) = preSolution
		HideSolutionNode = FALSE
	EndGlobalSection
	GlobalSection(ExtensibilityGlobals) = postSolution
		SolutionGuid = {3A7BC2ED-93C8-4547-BF0D-E79055BF314E}
	EndGlobalSection
EndGlobal
